
Microsoft Visual Studio Solution File, Format Version 12.00
# Visual Studio Version 16
VisualStudioVersion = 16.0.32002.261
MinimumVisualStudioVersion = 10.0.40219.1
Project("{FAE04EC0-301F-11D3-BF4B-00C04F79EFBC}") = "143_ActDataGrid_C", "143_ActDataGrid_C\143_ActDataGrid_C.csproj", "{D636F396-699C-4E97-8BF8-E99C7F12C5F8}"
EndProject
Global
	GlobalSection(SolutionConfigurationPlatforms) = preSolution
		Debug|Any CPU = Debug|Any CPU
		Release|Any CPU = Release|Any CPU
	EndGlobalSection
	GlobalSection(ProjectConfigurationPlatforms) = postSolution
		{D636F396-699C-4E97-8BF8-E99C7F12C5F8}.Debug|Any CPU.ActiveCfg = Debug|Any CPU
		{D636F396-699C-4E97-8BF8-E99C7F12C5F8}.Debug|Any CPU.Build.0 = Debug|Any CPU
		{D636F396-699C-4E97-8BF8-E99C7F12C5F8}.Release|Any CPU.ActiveCfg = Release|Any CPU
		{D636F396-699C-4E97-8BF8-E99C7F12C5F8}.Release|Any CPU.Build.0 = Release|Any CPU
	EndGlobalSection
	GlobalSection(SolutionProperties) = preSolution
		HideSolutionNode = FALSE
	EndGlobalSection
	GlobalSection(ExtensibilityGlobals) = postSolution
		SolutionGuid = {5DEC2B72-03D6-4E6A-8DF4-AC2A8016D50A}
	EndGlobalSection
EndGlobal
